
Microsoft Visual Studio Solution File, Format Version 12.00
# Visual Studio 2012
Project("{FAE04EC0-301F-11D3-BF4B-00C04F79EFBC}") = "WarlockServer", "WarlockServer\WarlockServer.csproj", "{B6888AF4-3184-45DA-8988-B4F72FADAB4E}"
EndProject
Project("{FAE04EC0-301F-11D3-BF4B-00C04F79EFBC}") = "Warlock.Networking", "Warlock.Networking\Warlock.Networking.csproj", "{4111C4EC-E5E5-49C6-8D78-E6D4B5CBD61A}"
EndProject
Project("{FAE04EC0-301F-11D3-BF4B-00C04F79EFBC}") = "Warlock.Console", "Warlock.Console\Warlock.Console.csproj", "{5AF944AB-0961-4F20-BC4C-26FE0A785459}"
EndProject
Global
	GlobalSection(SolutionConfigurationPlatforms) = preSolution
		Debug|Any CPU = Debug|Any CPU
		Release|Any CPU = Release|Any CPU
	EndGlobalSection
	GlobalSection(ProjectConfigurationPlatforms) = postSolution
		{B6888AF4-3184-45DA-8988-B4F72FADAB4E}.Debug|Any CPU.ActiveCfg = Debug|Any CPU
		{B6888AF4-3184-45DA-8988-B4F72FADAB4E}.Debug|Any CPU.Build.0 = Debug|Any CPU
		{B6888AF4-3184-45DA-8988-B4F72FADAB4E}.Release|Any CPU.ActiveCfg = Release|Any CPU
		{B6888AF4-3184-45DA-8988-B4F72FADAB4E}.Release|Any CPU.Build.0 = Release|Any CPU
		{4111C4EC-E5E5-49C6-8D78-E6D4B5CBD61A}.Debug|Any CPU.ActiveCfg = Debug|Any CPU
		{4111C4EC-E5E5-49C6-8D78-E6D4B5CBD61A}.Debug|Any CPU.Build.0 = Debug|Any CPU
		{4111C4EC-E5E5-49C6-8D78-E6D4B5CBD61A}.Release|Any CPU.ActiveCfg = Release|Any CPU
		{4111C4EC-E5E5-49C6-8D78-E6D4B5CBD61A}.Release|Any CPU.Build.0 = Release|Any CPU
		{5AF944AB-0961-4F20-BC4C-26FE0A785459}.Debug|Any CPU.ActiveCfg = Debug|Any CPU
		{5AF944AB-0961-4F20-BC4C-26FE0A785459}.Debug|Any CPU.Build.0 = Debug|Any CPU
		{5AF944AB-0961-4F20-BC4C-26FE0A785459}.Release|Any CPU.ActiveCfg = Release|Any CPU
		{5AF944AB-0961-4F20-BC4C-26FE0A785459}.Release|Any CPU.Build.0 = Release|Any CPU
	EndGlobalSection
	GlobalSection(SolutionProperties) = preSolution
		HideSolutionNode = FALSE
	EndGlobalSection
EndGlobal
